
Microsoft Visual Studio Solution File, Format Version 12.00
# Visual Studio 15
VisualStudioVersion = 15.0.28307.438
MinimumVisualStudioVersion = 10.0.40219.1
Project("{FAE04EC0-301F-11D3-BF4B-00C04F79EFBC}") = "Route__Managment", "Route__Managment\Route__Managment.csproj", "{B88C5AB8-C823-4BEF-9AF3-7EC6F9B279AF}"
EndProject
Project("{9A19103F-16F7-4668-BE54-9A1E7A4F7556}") = "Modelo", "Modelo\Modelo.csproj", "{57D30B1F-9B99-4743-84B8-48EFC7FBBCA4}"
EndProject
Global
	GlobalSection(SolutionConfigurationPlatforms) = preSolution
		Debug|Any CPU = Debug|Any CPU
		Release|Any CPU = Release|Any CPU
	EndGlobalSection
	GlobalSection(ProjectConfigurationPlatforms) = postSolution
		{B88C5AB8-C823-4BEF-9AF3-7EC6F9B279AF}.Debug|Any CPU.ActiveCfg = Debug|Any CPU
		{B88C5AB8-C823-4BEF-9AF3-7EC6F9B279AF}.Debug|Any CPU.Build.0 = Debug|Any CPU
		{B88C5AB8-C823-4BEF-9AF3-7EC6F9B279AF}.Release|Any CPU.ActiveCfg = Release|Any CPU
		{B88C5AB8-C823-4BEF-9AF3-7EC6F9B279AF}.Release|Any CPU.Build.0 = Release|Any CPU
		{57D30B1F-9B99-4743-84B8-48EFC7FBBCA4}.Debug|Any CPU.ActiveCfg = Debug|Any CPU
		{57D30B1F-9B99-4743-84B8-48EFC7FBBCA4}.Debug|Any CPU.Build.0 = Debug|Any CPU
		{57D30B1F-9B99-4743-84B8-48EFC7FBBCA4}.Release|Any CPU.ActiveCfg = Release|Any CPU
		{57D30B1F-9B99-4743-84B8-48EFC7FBBCA4}.Release|Any CPU.Build.0 = Release|Any CPU
	EndGlobalSection
	GlobalSection(SolutionProperties) = preSolution
		HideSolutionNode = FALSE
	EndGlobalSection
	GlobalSection(ExtensibilityGlobals) = postSolution
		SolutionGuid = {6E398A11-1092-48A9-B734-936B576023F8}
	EndGlobalSection
EndGlobal
